
Microsoft Visual Studio Solution File, Format Version 12.00
# Visual Studio Version 17
VisualStudioVersion = 17.7.34221.43
MinimumVisualStudioVersion = 10.0.40219.1
Project("{FAE04EC0-301F-11D3-BF4B-00C04F79EFBC}") = "task3", "task3\task3.csproj", "{2D85E927-0DAA-4D11-9F32-63A6E41D72CF}"
EndProject
Global
	GlobalSection(SolutionConfigurationPlatforms) = preSolution
		Debug|Any CPU = Debug|Any CPU
		Release|Any CPU = Release|Any CPU
	EndGlobalSection
	GlobalSection(ProjectConfigurationPlatforms) = postSolution
		{2D85E927-0DAA-4D11-9F32-63A6E41D72CF}.Debug|Any CPU.ActiveCfg = Debug|Any CPU
		{2D85E927-0DAA-4D11-9F32-63A6E41D72CF}.Debug|Any CPU.Build.0 = Debug|Any CPU
		{2D85E927-0DAA-4D11-9F32-63A6E41D72CF}.Release|Any CPU.ActiveCfg = Release|Any CPU
		{2D85E927-0DAA-4D11-9F32-63A6E41D72CF}.Release|Any CPU.Build.0 = Release|Any CPU
	EndGlobalSection
	GlobalSection(SolutionProperties) = preSolution
		HideSolutionNode = FALSE
	EndGlobalSection
	GlobalSection(ExtensibilityGlobals) = postSolution
		SolutionGuid = {B4A1A08B-D8A3-4603-909A-6642F87654D9}
	EndGlobalSection
EndGlobal
