
Microsoft Visual Studio Solution File, Format Version 12.00
# Visual Studio Version 17
VisualStudioVersion = 17.7.34031.279
MinimumVisualStudioVersion = 10.0.40219.1
Project("{FAE04EC0-301F-11D3-BF4B-00C04F79EFBC}") = "Generic custom list", "Generic custom list\Generic custom list.csproj", "{A0141936-B79C-43E9-A76C-3D91815A9665}"
EndProject
Global
	GlobalSection(SolutionConfigurationPlatforms) = preSolution
		Debug|Any CPU = Debug|Any CPU
		Release|Any CPU = Release|Any CPU
	EndGlobalSection
	GlobalSection(ProjectConfigurationPlatforms) = postSolution
		{A0141936-B79C-43E9-A76C-3D91815A9665}.Debug|Any CPU.ActiveCfg = Debug|Any CPU
		{A0141936-B79C-43E9-A76C-3D91815A9665}.Debug|Any CPU.Build.0 = Debug|Any CPU
		{A0141936-B79C-43E9-A76C-3D91815A9665}.Release|Any CPU.ActiveCfg = Release|Any CPU
		{A0141936-B79C-43E9-A76C-3D91815A9665}.Release|Any CPU.Build.0 = Release|Any CPU
	EndGlobalSection
	GlobalSection(SolutionProperties) = preSolution
		HideSolutionNode = FALSE
	EndGlobalSection
	GlobalSection(ExtensibilityGlobals) = postSolution
		SolutionGuid = {BF6530F9-9E7E-491A-B1BE-F858AF80CB9A}
	EndGlobalSection
EndGlobal
